// !$*UTF8*$!
{
	archiveVersion = 1;
	classes = {
	};
	objectVersion = 46;
	objects = {

/* Begin PBXBuildFile section */
		C766CB441B8F9D1B0048A178 /* main.m in Sources */ = {isa = PBXBuildFile; fileRef = C766CB431B8F9D1B0048A178 /* main.m */; };
		C766CB4C1B8F9D260048A178 /* Patient.m in Sources */ = {isa = PBXBuildFile; fileRef = C766CB4B1B8F9D260048A178 /* Patient.m */; settings = {ASSET_TAGS = (); }; };
		C766CB4F1B8F9D300048A178 /* Doctor.m in Sources */ = {isa = PBXBuildFile; fileRef = C766CB4E1B8F9D300048A178 /* Doctor.m */; settings = {ASSET_TAGS = (); }; };
		C766CB551B8FB71F0048A178 /* Prescription.m in Sources */ = {isa = PBXBuildFile; fileRef = C766CB541B8FB71F0048A178 /* Prescription.m */; settings = {ASSET_TAGS = (); }; };
/* End PBXBuildFile section */

/* Begin PBXCopyFilesBuildPhase section */
		C766CB3E1B8F9D1B0048A178 /* CopyFiles */ = {
			isa = PBXCopyFilesBuildPhase;
			buildActionMask = 2147483647;
			dstPath = /usr/share/man/man1/;
			dstSubfolderSpec = 0;
			files = (
			);
			runOnlyForDeploymentPostprocessing = 1;
		};
/* End PBXCopyFilesBuildPhase section */

/* Begin PBXFileReference section */
		C766CB401B8F9D1B0048A178 /* Patient&Doctor */ = {isa = PBXFileReference; explicitFileType = "compiled.mach-o.executable"; includeInIndex = 0; path = "Patient&Doctor"; sourceTree = BUILT_PRODUCTS_DIR; };
		C766CB431B8F9D1B0048A178 /* main.m */ = {isa = PBXFileReference; lastKnownFileType = sourcecode.c.objc; path = main.m; sourceTree = "<group>"; };
		C766CB4A1B8F9D260048A178 /* Patient.h */ = {isa = PBXFileReference; fileEncoding = 4; lastKnownFileType = sourcecode.c.h; path = Patient.h; sourceTree = "<group>"; };
		C766CB4B1B8F9D260048A178 /* Patient.m */ = {isa = PBXFileReference; fileEncoding = 4; lastKnownFileType = sourcecode.c.objc; path = Patient.m; sourceTree = "<group>"; };
		C766CB4D1B8F9D300048A178 /* Doctor.h */ = {isa = PBXFileReference; fileEncoding = 4; lastKnownFileType = sourcecode.c.h; path = Doctor.h; sourceTree = "<group>"; };
		C766CB4E1B8F9D300048A178 /* Doctor.m */ = {isa = PBXFileReference; fileEncoding = 4; lastKnownFileType = sourcecode.c.objc; path = Doctor.m; sourceTree = "<group>"; };
		C766CB531B8FB71F0048A178 /* Prescription.h */ = {isa = PBXFileReference; fileEncoding = 4; lastKnownFileType = sourcecode.c.h; path = Prescription.h; sourceTree = "<group>"; };
		C766CB541B8FB71F0048A178 /* Prescription.m */ = {isa = PBXFileReference; fileEncoding = 4; lastKnownFileType = sourcecode.c.objc; path = Prescription.m; sourceTree = "<group>"; };
/* End PBXFileReference section */

/* Begin PBXFrameworksBuildPhase section */
		C766CB3D1B8F9D1B0048A178 /* Frameworks */ = {
			isa = PBXFrameworksBuildPhase;
			buildActionMask = 2147483647;
			files = (
			);
			runOnlyForDeploymentPostprocessing = 0;
		};
/* End PBXFrameworksBuildPhase section */

/* Begin PBXGroup section */
		C766CB371B8F9D1B0048A178 = {
			isa = PBXGroup;
			children = (
				C766CB421B8F9D1B0048A178 /* Patient&Doctor */,
				C766CB411B8F9D1B0048A178 /* Products */,
			);
			sourceTree = "<group>";
		};
		C766CB411B8F9D1B0048A178 /* Products */ = {
			isa = PBXGroup;
			children = (
				C766CB401B8F9D1B0048A178 /* Patient&Doctor */,
			);
			name = Products;
			sourceTree = "<group>";
		};
		C766CB421B8F9D1B0048A178 /* Patient&Doctor */ = {
			isa = PBXGroup;
			children = (
				C766CB431B8F9D1B0048A178 /* main.m */,
				C766CB4A1B8F9D260048A178 /* Patient.h */,
				C766CB4B1B8F9D260048A178 /* Patient.m */,
				C766CB4D1B8F9D300048A178 /* Doctor.h */,
				C766CB4E1B8F9D300048A178 /* Doctor.m */,
				C766CB531B8FB71F0048A178 /* Prescription.h */,
				C766CB541B8FB71F0048A178 /* Prescription.m */,
			);
			path = "Patient&Doctor";
			sourceTree = "<group>";
		};
/* End PBXGroup section */

/* Begin PBXNativeTarget section */
		C766CB3F1B8F9D1B0048A178 /* Patient&Doctor */ = {
			isa = PBXNativeTarget;
			buildConfigurationList = C766CB471B8F9D1B0048A178 /* Build configuration list for PBXNativeTarget "Patient&Doctor" */;
			buildPhases = (
				C766CB3C1B8F9D1B0048A178 /* Sources */,
				C766CB3D1B8F9D1B0048A178 /* Frameworks */,
				C766CB3E1B8F9D1B0048A178 /* CopyFiles */,
			);
			buildRules = (
			);
			dependencies = (
			);
			name = "Patient&Doctor";
			productName = "Patient&Doctor";
			productReference = C766CB401B8F9D1B0048A178 /* Patient&Doctor */;
			productType = "com.apple.product-type.tool";
		};
/* End PBXNativeTarget section */

/* Begin PBXProject section */
		C766CB381B8F9D1B0048A178 /* Project object */ = {
			isa = PBXProject;
			attributes = {
				LastUpgradeCheck = 0700;
				ORGANIZATIONNAME = "Alp Eren Can";
				TargetAttributes = {
					C766CB3F1B8F9D1B0048A178 = {
						CreatedOnToolsVersion = 7.0;
					};
				};
			};
			buildConfigurationList = C766CB3B1B8F9D1B0048A178 /* Build configuration list for PBXProject "Patient&Doctor" */;
			compatibilityVersion = "Xcode 3.2";
			developmentRegion = English;
			hasScannedForEncodings = 0;
			knownRegions = (
				en,
			);
			mainGroup = C766CB371B8F9D1B0048A178;
			productRefGroup = C766CB411B8F9D1B0048A178 /* Products */;
			projectDirPath = "";
			projectRoot = "";
			targets = (
				C766CB3F1B8F9D1B0048A178 /* Patient&Doctor */,
			);
		};
/* End PBXProject section */

/* Begin PBXSourcesBuildPhase section */
		C766CB3C1B8F9D1B0048A178 /* Sources */ = {
			isa = PBXSourcesBuildPhase;
			buildActionMask = 2147483647;
			files = (
				C766CB441B8F9D1B0048A178 /* main.m in Sources */,
				C766CB4C1B8F9D260048A178 /* Patient.m in Sources */,
				C766CB4F1B8F9D300048A178 /* Doctor.m in Sources */,
				C766CB551B8FB71F0048A178 /* Prescription.m in Sources */,
			);
			runOnlyForDeploymentPostprocessing = 0;
		};
/* End PBXSourcesBuildPhase section */

/* Begin XCBuildConfiguration section */
		C766CB451B8F9D1B0048A178 /* Debug */ = {
			isa = XCBuildConfiguration;
			buildSettings = {
				ALWAYS_SEARCH_USER_PATHS = NO;
				CLANG_CXX_LANGUAGE_STANDARD = "gnu++0x";
				CLANG_CXX_LIBRARY = "libc++";
				CLANG_ENABLE_MODULES = YES;
				CLANG_ENABLE_OBJC_ARC = YES;
				CLANG_WARN_BOOL_CONVERSION = YES;
				CLANG_WARN_CONSTANT_CONVERSION = YES;
				CLANG_WARN_DIRECT_OBJC_ISA_USAGE = YES_ERROR;
				CLANG_WARN_EMPTY_BODY = YES;
				CLANG_WARN_ENUM_CONVERSION = YES;
				CLANG_WARN_INT_CONVERSION = YES;
				CLANG_WARN_OBJC_ROOT_CLASS = YES_ERROR;
				CLANG_WARN_UNREACHABLE_CODE = YES;
				CLANG_WARN__DUPLICATE_METHOD_MATCH = YES;
				COPY_PHASE_STRIP = NO;
				DEBUG_INFORMATION_FORMAT = dwarf;
				ENABLE_STRICT_OBJC_MSGSEND = YES;
				ENABLE_TESTABILITY = YES;
				GCC_C_LANGUAGE_STANDARD = gnu99;
				GCC_DYNAMIC_NO_PIC = NO;
				GCC_NO_COMMON_BLOCKS = YES;
				GCC_OPTIMIZATION_LEVEL = 0;
				GCC_PREPROCESSOR_DEFINITIONS = (
					"DEBUG=1",
					"$(inherited)",
				);
				GCC_WARN_64_TO_32_BIT_CONVERSION = YES;
				GCC_WARN_ABOUT_RETURN_TYPE = YES_ERROR;
				GCC_WARN_UNDECLARED_SELECTOR = YES;
				GCC_WARN_UNINITIALIZED_AUTOS = YES_AGGRESSIVE;
				GCC_WARN_UNUSED_FUNCTION = YES;
				GCC_WARN_UNUSED_VARIABLE = YES;
				MACOSX_DEPLOYMENT_TARGET = 10.11;
				MTL_ENABLE_DEBUG_INFO = YES;
				ONLY_ACTIVE_ARCH = YES;
				SDKROOT = macosx;
			};
			name = Debug;
		};
		C766CB461B8F9D1B0048A178 /* Release */ = {
			isa = XCBuildConfiguration;
			buildSettings = {
				ALWAYS_SEARCH_USER_PATHS = NO;
				CLANG_CXX_LANGUAGE_STANDARD = "gnu++0x";
				CLANG_CXX_LIBRARY = "libc++";
				CLANG_ENABLE_MODULES = YES;
				CLANG_ENABLE_OBJC_ARC = YES;
				CLANG_WARN_BOOL_CONVERSION = YES;
				CLANG_WARN_CONSTANT_CONVERSION = YES;
				CLANG_WARN_DIRECT_OBJC_ISA_USAGE = YES_ERROR;
				CLANG_WARN_EMPTY_BODY = YES;
				CLANG_WARN_ENUM_CONVERSION = YES;
				CLANG_WARN_INT_CONVERSION = YES;
				CLANG_WARN_OBJC_ROOT_CLASS = YES_ERROR;
				CLANG_WARN_UNREACHABLE_CODE = YES;
				CLANG_WARN__DUPLICATE_METHOD_MATCH = YES;
				COPY_PHASE_STRIP = NO;
				DEBUG_INFORMATION_FORMAT = "dwarf-with-dsym";
				ENABLE_NS_ASSERTIONS = NO;
				ENABLE_STRICT_OBJC_MSGSEND = YES;
				GCC_C_LANGUAGE_STANDARD = gnu99;
				GCC_NO_COMMON_BLOCKS = YES;
				GCC_WARN_64_TO_32_BIT_CONVERSION = YES;
				GCC_WARN_ABOUT_RETURN_TYPE = YES_ERROR;
				GCC_WARN_UNDECLARED_SELECTOR = YES;
				GCC_WARN_UNINITIALIZED_AUTOS = YES_AGGRESSIVE;
				GCC_WARN_UNUSED_FUNCTION = YES;
				GCC_WARN_UNUSED_VARIABLE = YES;
				MACOSX_DEPLOYMENT_TARGET = 10.11;
				MTL_ENABLE_DEBUG_INFO = NO;
				SDKROOT = macosx;
			};
			name = Release;
		};
		C766CB481B8F9D1B0048A178 /* Debug */ = {
			isa = XCBuildConfiguration;
			buildSettings = {
				PRODUCT_NAME = "$(TARGET_NAME)";
			};
			name = Debug;
		};
		C766CB491B8F9D1B0048A178 /* Release */ = {
			isa = XCBuildConfiguration;
			buildSettings = {
				PRODUCT_NAME = "$(TARGET_NAME)";
			};
			name = Release;
		};
/* End XCBuildConfiguration section */

/* Begin XCConfigurationList section */
		C766CB3B1B8F9D1B0048A178 /* Build configuration list for PBXProject "Patient&Doctor" */ = {
			isa = XCConfigurationList;
			buildConfigurations = (
				C766CB451B8F9D1B0048A178 /* Debug */,
				C766CB461B8F9D1B0048A178 /* Release */,
			);
			defaultConfigurationIsVisible = 0;
			defaultConfigurationName = Release;
		};
		C766CB471B8F9D1B0048A178 /* Build configuration list for PBXNativeTarget "Patient&Doctor" */ = {
			isa = XCConfigurationList;
			buildConfigurations = (
				C766CB481B8F9D1B0048A178 /* Debug */,
				C766CB491B8F9D1B0048A178 /* Release */,
			);
			defaultConfigurationIsVisible = 0;
		};
/* End XCConfigurationList section */
	};
	rootObject = C766CB381B8F9D1B0048A178 /* Project object */;
}
